{
  "name": "agentlinkops",
  "version": "0.4.0",
  "lockfileVersion": 3,
  "requires": true,
  "packages": {
    "": {
      "name": "agentlinkops",
      "version": "0.4.0",
      "license": "Apache-2.0",
      "dependencies": {
        "@modelcontextprotocol/server": "2.0.0",
        "parse5": "8.0.1",
        "zod": "4.6.0"
      },
      "bin": {
        "agentlinkops": "bin/agentlinkops.mjs",
        "linktrail": "bin/linktrail.mjs"
      },
      "engines": {
        "node": ">=22.13.0"
      }
    },
    "node_modules/@modelcontextprotocol/core": {
      "version": "2.0.0",
      "resolved": "https://registry.npmjs.org/@modelcontextprotocol/core/-/core-2.0.0.tgz",
      "integrity": "sha512-pJCEwGG7Lfr/+PQp9ZTwKXNeO5wzbfKL7H3MYpCorM4oFBoQrdjnBgEoqG+RjhsvS1FKrDbKux+M1HhlnGWqcA==",
      "license": "MIT",
      "dependencies": {
        "zod": "^4.2.0"
      },
      "engines": {
        "node": ">=20"
      }
    },
    "node_modules/@modelcontextprotocol/server": {
      "version": "2.0.0",
      "resolved": "https://registry.npmjs.org/@modelcontextprotocol/server/-/server-2.0.0.tgz",
      "integrity": "sha512-YhHWdHfpFMQfd0prsEnxKeS3Qz3ytIGmsS0sth4KDjnacIT7hxk6hXHkJ9KysxlkvTM+WZAtQbbcUhdoP4Hvtw==",
      "license": "MIT",
      "dependencies": {
        "@modelcontextprotocol/core": "2.0.0",
        "zod": "^4.2.0"
      },
      "engines": {
        "node": ">=20"
      }
    },
    "node_modules/entities": {
      "version": "8.1.0",
      "resolved": "https://registry.npmjs.org/entities/-/entities-8.1.0.tgz",
      "integrity": "sha512-kxL7msIffSuh9aaFAMD7rxAIuTRMAHMeBtgHW2yUdWw732ZNh4MehkF2gdjvtdmikkaIP9bFDDJOPlsvm7avrA==",
      "license": "BSD-2-Clause",
      "engines": {
        "node": ">=20.19.0"
      },
      "funding": {
        "url": "https://github.com/fb55/entities?sponsor=1"
      }
    },
    "node_modules/parse5": {
      "version": "8.0.1",
      "resolved": "https://registry.npmjs.org/parse5/-/parse5-8.0.1.tgz",
      "integrity": "sha512-z1e/HMG90obSGeidlli3hj7cbocou0/wa5HacvI3ASx34PecNjNQeaHNo5WIZpWofN9kgkqV1q5YvXe3F0FoPw==",
      "license": "MIT",
      "dependencies": {
        "entities": "^8.0.0"
      },
      "funding": {
        "url": "https://github.com/inikulin/parse5?sponsor=1"
      }
    },
    "node_modules/zod": {
      "version": "4.6.0",
      "resolved": "https://registry.npmjs.org/zod/-/zod-4.6.0.tgz",
      "integrity": "sha512-iIvwyDnebKYpww2ta0DjaNOL8RnVLmPMhgWyOzlW9y0EIIxv5gl+H6Y0ONpt83HqjGqkk78uWp6xWtpxzZdPbw==",
      "license": "MIT",
      "funding": {
        "url": "https://github.com/sponsors/colinhacks"
      }
    }
  }
}
